
Microsoft Visual Studio Solution File, Format Version 12.00
# Visual Studio Version 17
VisualStudioVersion = 17.13.35806.99 d17.13
MinimumVisualStudioVersion = 10.0.40219.1
Project("{888888A0-9F3D-457C-B088-3A5042F75D52}") = "Wizard_Game_Ivanov_Melikov", "Wizard_Game_Ivanov_Melikov.pyproj", "{C8AE9548-0442-45A8-8CD8-378355087BCE}"
EndProject
Global
	GlobalSection(SolutionConfigurationPlatforms) = preSolution
		Debug|Any CPU = Debug|Any CPU
		Release|Any CPU = Release|Any CPU
	EndGlobalSection
	GlobalSection(ProjectConfigurationPlatforms) = postSolution
		{C8AE9548-0442-45A8-8CD8-378355087BCE}.Debug|Any CPU.ActiveCfg = Debug|Any CPU
		{C8AE9548-0442-45A8-8CD8-378355087BCE}.Release|Any CPU.ActiveCfg = Release|Any CPU
	EndGlobalSection
	GlobalSection(SolutionProperties) = preSolution
		HideSolutionNode = FALSE
	EndGlobalSection
	GlobalSection(ExtensibilityGlobals) = postSolution
		SolutionGuid = {9FA10DE9-281B-4768-BBA9-33C0152B2F68}
	EndGlobalSection
EndGlobal
